
Microsoft Visual Studio Solution File, Format Version 12.00
# Visual Studio Version 17
VisualStudioVersion = 17.2.32616.157
MinimumVisualStudioVersion = 10.0.40219.1
Project("{FAE04EC0-301F-11D3-BF4B-00C04F79EFBC}") = "GraphQL", "GraphQL\GraphQL.csproj", "{94347236-2994-4C90-8AD6-002F2A403179}"
EndProject
Global
	GlobalSection(SolutionConfigurationPlatforms) = preSolution
		Debug|Any CPU = Debug|Any CPU
		Release|Any CPU = Release|Any CPU
	EndGlobalSection
	GlobalSection(ProjectConfigurationPlatforms) = postSolution
		{94347236-2994-4C90-8AD6-002F2A403179}.Debug|Any CPU.ActiveCfg = Debug|Any CPU
		{94347236-2994-4C90-8AD6-002F2A403179}.Debug|Any CPU.Build.0 = Debug|Any CPU
		{94347236-2994-4C90-8AD6-002F2A403179}.Release|Any CPU.ActiveCfg = Release|Any CPU
		{94347236-2994-4C90-8AD6-002F2A403179}.Release|Any CPU.Build.0 = Release|Any CPU
	EndGlobalSection
	GlobalSection(SolutionProperties) = preSolution
		HideSolutionNode = FALSE
	EndGlobalSection
	GlobalSection(ExtensibilityGlobals) = postSolution
		SolutionGuid = {CE14D628-892C-4893-BCCA-827E8C81C68C}
	EndGlobalSection
EndGlobal
